schema: '2.0'
stages:
  load_data:
    cmd: python src/models/load_data.py
    deps:
    - path: src/models/load_data.py
      hash: md5
      md5: aff5e3d26d91a3bf111dab6d83168316
      size: 1004
    outs:
    - path: data/processed/X_test.csv
      hash: md5
      md5: 707de7ab5221df8365ee5c622414e388
      size: 79148
    - path: data/processed/X_train.csv
      hash: md5
      md5: 262dc7a9b32e262a3896db9b7cb632ef
      size: 184057
    - path: data/processed/y_test.csv
      hash: md5
      md5: 5b38d7f1d33d69d59474bfe27d9d039d
      size: 9723
    - path: data/processed/y_train.csv
      hash: md5
      md5: 8eeb47fac58928dc66f5992035227df4
      size: 22759
  norm_data:
    cmd: python src/models/norm_data.py
    deps:
    - path: src/models/norm_data.py
      hash: md5
      md5: 645959ab5405f9b6045dd2bdda565c37
      size: 656
    outs:
    - path: data/processed/X_test_scaled.csv
      hash: md5
      md5: d88f7b762247806ce779f1da894f6631
      size: 85439
    - path: data/processed/X_train_scaled.csv
      hash: md5
      md5: 949fb334e27072290cd8dcb4624efd56
      size: 198672
  grid_search_data:
    cmd: python src/models/grid_search.py
    deps:
    - path: src/models/grid_search.py
      hash: md5
      md5: df56ce65311841aa5ed34827e986c989
      size: 1273
    outs:
    - path: models/best_params.pkl
      hash: md5
      md5: 2824628d3eb7b76c7f8fdb6dfd0ed25b
      size: 112
  train_rf:
    cmd: python src/models/train_model.py
    deps:
    - path: src/models/train_model.py
      hash: md5
      md5: e36dd4f24481f7345980c636221744cd
      size: 999
    outs:
    - path: models/best_rforest.sav
      hash: md5
      md5: 22f2e7a29a574eb5f2360562b151208a
      size: 1392388
  eval_rf:
    cmd: python src/models/eval_model.py
    deps:
    - path: src/models/eval_model.py
      hash: md5
      md5: 5fa9c0bdb077e263896ee682e8a094cc
      size: 2119
    outs:
    - path: data/y_pred_test_rfO.csv
      hash: md5
      md5: 710e5840e04ff60aee6d0792a9fd4612
      size: 10170
    - path: metrics/scores.json
      hash: md5
      md5: dc8d7456903f0b88bd3bd2c8cf8157b4
      size: 72
